# THIS IS AN AUTOGENERATED FILE. DO NOT EDIT THIS FILE DIRECTLY.
# yarn lockfile v1


"@figma/plugin-typings@1.54.1":
  version "1.54.1"
  resolved "https://registry.yarnpkg.com/@figma/plugin-typings/-/plugin-typings-1.54.1.tgz#5145fafbb67ba445da593320cbc00612b2e23bc6"
  integrity sha512-gvEmz/Ey5uX6HTH5t33m+UOvI8SBkd+aqT4/PnFPivgsagwY38HK51axdxQQavVWEXQY+Ga326BZnKj5MEUuPg==

typescript@4.8.4:
  version "4.8.4"
  resolved "https://registry.yarnpkg.com/typescript/-/typescript-4.8.4.tgz#c464abca159669597be5f96b8943500b238e60e6"
  integrity sha512-QCh+85mCy+h0IGff8r5XWzOVSbBO+KfeYrMQh7NJ58QujwcE22u+NUSmUxqF+un70P9GXKxa2HCNiTTMJknyjQ==
